
Microsoft Visual Studio Solution File, Format Version 10.00
# Visual Studio 2008
Project("{FAE04EC0-301F-11D3-BF4B-00C04F79EFBC}") = "BookCodeWin", "BookCode\BookCodeWin.csproj", "{8D0BC998-6507-4E9F-BF12-FF4DD7A54EE6}"
EndProject
Project("{FAE04EC0-301F-11D3-BF4B-00C04F79EFBC}") = "XMLDataPLine", "XMLDataPLine\XMLDataPLine.csproj", "{42CD849E-B687-4680-BAAB-A8A894D6C2F3}"
EndProject
Project("{FAE04EC0-301F-11D3-BF4B-00C04F79EFBC}") = "TypeReadersWin", "TypeReaders\TypeReadersWin.csproj", "{9D999CAA-16E9-4ECB-A6F9-69E9FF2A3796}"
EndProject
Global
	GlobalSection(SolutionConfigurationPlatforms) = preSolution
		Debug|x86 = Debug|x86
		Debug|Xbox 360 = Debug|Xbox 360
		Release|x86 = Release|x86
		Release|Xbox 360 = Release|Xbox 360
	EndGlobalSection
	GlobalSection(ProjectConfigurationPlatforms) = postSolution
		{8D0BC998-6507-4E9F-BF12-FF4DD7A54EE6}.Debug|x86.ActiveCfg = Debug|x86
		{8D0BC998-6507-4E9F-BF12-FF4DD7A54EE6}.Debug|x86.Build.0 = Debug|x86
		{8D0BC998-6507-4E9F-BF12-FF4DD7A54EE6}.Debug|Xbox 360.ActiveCfg = Debug|x86
		{8D0BC998-6507-4E9F-BF12-FF4DD7A54EE6}.Release|x86.ActiveCfg = Release|x86
		{8D0BC998-6507-4E9F-BF12-FF4DD7A54EE6}.Release|x86.Build.0 = Release|x86
		{8D0BC998-6507-4E9F-BF12-FF4DD7A54EE6}.Release|Xbox 360.ActiveCfg = Release|x86
		{42CD849E-B687-4680-BAAB-A8A894D6C2F3}.Debug|x86.ActiveCfg = Debug|x86
		{42CD849E-B687-4680-BAAB-A8A894D6C2F3}.Debug|x86.Build.0 = Debug|x86
		{42CD849E-B687-4680-BAAB-A8A894D6C2F3}.Debug|Xbox 360.ActiveCfg = Debug|Xbox 360
		{42CD849E-B687-4680-BAAB-A8A894D6C2F3}.Debug|Xbox 360.Build.0 = Debug|Xbox 360
		{42CD849E-B687-4680-BAAB-A8A894D6C2F3}.Release|x86.ActiveCfg = Release|x86
		{42CD849E-B687-4680-BAAB-A8A894D6C2F3}.Release|x86.Build.0 = Release|x86
		{42CD849E-B687-4680-BAAB-A8A894D6C2F3}.Release|Xbox 360.ActiveCfg = Release|Xbox 360
		{42CD849E-B687-4680-BAAB-A8A894D6C2F3}.Release|Xbox 360.Build.0 = Release|Xbox 360
		{9D999CAA-16E9-4ECB-A6F9-69E9FF2A3796}.Debug|x86.ActiveCfg = Debug|x86
		{9D999CAA-16E9-4ECB-A6F9-69E9FF2A3796}.Debug|x86.Build.0 = Debug|x86
		{9D999CAA-16E9-4ECB-A6F9-69E9FF2A3796}.Debug|Xbox 360.ActiveCfg = Debug|x86
		{9D999CAA-16E9-4ECB-A6F9-69E9FF2A3796}.Release|x86.ActiveCfg = Release|x86
		{9D999CAA-16E9-4ECB-A6F9-69E9FF2A3796}.Release|x86.Build.0 = Release|x86
		{9D999CAA-16E9-4ECB-A6F9-69E9FF2A3796}.Release|Xbox 360.ActiveCfg = Release|x86
		{DD1926CA-B953-4502-8289-AE3AB005B956}.Debug|x86.ActiveCfg = Debug|x86
		{DD1926CA-B953-4502-8289-AE3AB005B956}.Debug|Xbox 360.ActiveCfg = Debug|x86
		{DD1926CA-B953-4502-8289-AE3AB005B956}.Release|x86.ActiveCfg = Release|x86
		{DD1926CA-B953-4502-8289-AE3AB005B956}.Release|Xbox 360.ActiveCfg = Release|x86
		{C33491A8-552E-4C95-88BB-6D6DF315AF3F}.Debug|x86.ActiveCfg = Debug|x86
		{C33491A8-552E-4C95-88BB-6D6DF315AF3F}.Debug|Xbox 360.ActiveCfg = Debug|x86
		{C33491A8-552E-4C95-88BB-6D6DF315AF3F}.Release|x86.ActiveCfg = Release|x86
		{C33491A8-552E-4C95-88BB-6D6DF315AF3F}.Release|Xbox 360.ActiveCfg = Release|x86
	EndGlobalSection
	GlobalSection(SolutionProperties) = preSolution
		HideSolutionNode = FALSE
	EndGlobalSection
EndGlobal
